
Microsoft Visual Studio Solution File, Format Version 12.00
# Visual Studio Version 17
VisualStudioVersion = 17.7.34009.444
MinimumVisualStudioVersion = 10.0.40219.1
Project("{FAE04EC0-301F-11D3-BF4B-00C04F79EFBC}") = "Actividad_Calculadora", "Actividad_Calculadora\Actividad_Calculadora.csproj", "{E59D6CCA-4D7F-4960-A43D-179CE9417705}"
EndProject
Global
	GlobalSection(SolutionConfigurationPlatforms) = preSolution
		Debug|Any CPU = Debug|Any CPU
		Release|Any CPU = Release|Any CPU
	EndGlobalSection
	GlobalSection(ProjectConfigurationPlatforms) = postSolution
		{E59D6CCA-4D7F-4960-A43D-179CE9417705}.Debug|Any CPU.ActiveCfg = Debug|Any CPU
		{E59D6CCA-4D7F-4960-A43D-179CE9417705}.Debug|Any CPU.Build.0 = Debug|Any CPU
		{E59D6CCA-4D7F-4960-A43D-179CE9417705}.Release|Any CPU.ActiveCfg = Release|Any CPU
		{E59D6CCA-4D7F-4960-A43D-179CE9417705}.Release|Any CPU.Build.0 = Release|Any CPU
	EndGlobalSection
	GlobalSection(SolutionProperties) = preSolution
		HideSolutionNode = FALSE
	EndGlobalSection
	GlobalSection(ExtensibilityGlobals) = postSolution
		SolutionGuid = {F9E2DAF0-C916-4A9A-8626-94AFC00D4CF9}
	EndGlobalSection
EndGlobal
